
Microsoft Visual Studio Solution File, Format Version 12.00
# Visual Studio 15
Project("{FAE04EC0-301F-11D3-BF4B-00C04F79EFBC}") = "CFXREditor", "CFXREditor.csproj", "{6B816545-B0F7-9AA9-9617-748EBBEB1492}"
EndProject
Project("{FAE04EC0-301F-11D3-BF4B-00C04F79EFBC}") = "Assembly-CSharp", "Assembly-CSharp.csproj", "{43DD13E5-9B26-165B-DE3E-43D0FC33D4E0}"
EndProject
Project("{FAE04EC0-301F-11D3-BF4B-00C04F79EFBC}") = "CFXRRuntime", "CFXRRuntime.csproj", "{DE93EB2E-912F-B42A-E5F3-95DAFD8AE131}"
EndProject
Global
	GlobalSection(SolutionConfigurationPlatforms) = preSolution
		Debug|Any CPU = Debug|Any CPU
		Release|Any CPU = Release|Any CPU
	EndGlobalSection
	GlobalSection(ProjectConfigurationPlatforms) = postSolution
		{6B816545-B0F7-9AA9-9617-748EBBEB1492}.Debug|Any CPU.ActiveCfg = Debug|Any CPU
		{6B816545-B0F7-9AA9-9617-748EBBEB1492}.Debug|Any CPU.Build.0 = Debug|Any CPU
		{6B816545-B0F7-9AA9-9617-748EBBEB1492}.Release|Any CPU.ActiveCfg = Release|Any CPU
		{6B816545-B0F7-9AA9-9617-748EBBEB1492}.Release|Any CPU.Build.0 = Release|Any CPU
		{43DD13E5-9B26-165B-DE3E-43D0FC33D4E0}.Debug|Any CPU.ActiveCfg = Debug|Any CPU
		{43DD13E5-9B26-165B-DE3E-43D0FC33D4E0}.Debug|Any CPU.Build.0 = Debug|Any CPU
		{43DD13E5-9B26-165B-DE3E-43D0FC33D4E0}.Release|Any CPU.ActiveCfg = Release|Any CPU
		{43DD13E5-9B26-165B-DE3E-43D0FC33D4E0}.Release|Any CPU.Build.0 = Release|Any CPU
		{DE93EB2E-912F-B42A-E5F3-95DAFD8AE131}.Debug|Any CPU.ActiveCfg = Debug|Any CPU
		{DE93EB2E-912F-B42A-E5F3-95DAFD8AE131}.Debug|Any CPU.Build.0 = Debug|Any CPU
		{DE93EB2E-912F-B42A-E5F3-95DAFD8AE131}.Release|Any CPU.ActiveCfg = Release|Any CPU
		{DE93EB2E-912F-B42A-E5F3-95DAFD8AE131}.Release|Any CPU.Build.0 = Release|Any CPU
	EndGlobalSection
	GlobalSection(SolutionProperties) = preSolution
		HideSolutionNode = FALSE
	EndGlobalSection
EndGlobal
